
Microsoft Visual Studio Solution File, Format Version 12.00
# Visual Studio Version 17
VisualStudioVersion = 17.0.31903.59
MinimumVisualStudioVersion = 10.0.40219.1
Project("{9A19103F-16F7-4668-BE54-9A1E7A4F7556}") = "sqlM", "cli\sqlM.csproj", "{277DA97E-2462-4D4C-8EAE-640F2F08B75C}"
EndProject
Global
	GlobalSection(SolutionConfigurationPlatforms) = preSolution
		Debug|Any CPU = Debug|Any CPU
		Release|Any CPU = Release|Any CPU
	EndGlobalSection
	GlobalSection(ProjectConfigurationPlatforms) = postSolution
		{277DA97E-2462-4D4C-8EAE-640F2F08B75C}.Debug|Any CPU.ActiveCfg = Debug|Any CPU
		{277DA97E-2462-4D4C-8EAE-640F2F08B75C}.Debug|Any CPU.Build.0 = Debug|Any CPU
		{277DA97E-2462-4D4C-8EAE-640F2F08B75C}.Release|Any CPU.ActiveCfg = Release|Any CPU
		{277DA97E-2462-4D4C-8EAE-640F2F08B75C}.Release|Any CPU.Build.0 = Release|Any CPU
	EndGlobalSection
	GlobalSection(SolutionProperties) = preSolution
		HideSolutionNode = FALSE
	EndGlobalSection
	GlobalSection(ExtensibilityGlobals) = postSolution
		SolutionGuid = {DEFC15DA-3DF3-4F5C-9723-C4D7BAFDA799}
	EndGlobalSection
EndGlobal
